
Microsoft Visual Studio Solution File, Format Version 12.00
Project("{FAE04EC0-301F-11D3-BF4B-00C04F79EFBC}") = "Assembler", "Assembler\Assembler.csproj", "{EDB88492-726E-41DE-8D55-AECFF279EFF4}"
EndProject
Project("{FAE04EC0-301F-11D3-BF4B-00C04F79EFBC}") = "Simulator", "Simulator\Simulator.csproj", "{D72D5219-A3A0-4A35-8174-981DDE5EA5BF}"
EndProject
Project("{2150E333-8FDC-42A3-9474-1A3956D46DE8}") = "Source", "Source", "{5146725D-D0AC-414C-B9F0-DCC2990D0D32}"
EndProject
Project("{2150E333-8FDC-42A3-9474-1A3956D46DE8}") = "Tests", "Tests", "{46A91F61-1C7E-4D0F-AE7F-006F69843FED}"
EndProject
Project("{FAE04EC0-301F-11D3-BF4B-00C04F79EFBC}") = "Assembler.Tests", "Assembler.Tests\Assembler.Tests.csproj", "{C4493AB2-84F7-4B92-908F-A700A2032F43}"
EndProject
Project("{FAE04EC0-301F-11D3-BF4B-00C04F79EFBC}") = "Simulator.Tests", "Simulator.Tests\Simulator.Tests.csproj", "{11A725EA-5C62-4E34-BF73-9D31E2BBA9EC}"
EndProject
Project("{FAE04EC0-301F-11D3-BF4B-00C04F79EFBC}") = "ConsoleSimulator", "ConsoleSimulator\ConsoleSimulator.csproj", "{B4D9A008-66FD-4CCC-9F15-FD1B0C4F8E63}"
EndProject
Project("{FAE04EC0-301F-11D3-BF4B-00C04F79EFBC}") = "SimulatorApp", "SimulatorApp\SimulatorApp.csproj", "{D5D13747-DD47-4914-9974-2F08751D81B1}"
EndProject
Global
	GlobalSection(SolutionConfigurationPlatforms) = preSolution
		Debug|Any CPU = Debug|Any CPU
		Release|Any CPU = Release|Any CPU
	EndGlobalSection
	GlobalSection(ProjectConfigurationPlatforms) = postSolution
		{EDB88492-726E-41DE-8D55-AECFF279EFF4}.Debug|Any CPU.ActiveCfg = Debug|Any CPU
		{EDB88492-726E-41DE-8D55-AECFF279EFF4}.Debug|Any CPU.Build.0 = Debug|Any CPU
		{EDB88492-726E-41DE-8D55-AECFF279EFF4}.Release|Any CPU.ActiveCfg = Release|Any CPU
		{EDB88492-726E-41DE-8D55-AECFF279EFF4}.Release|Any CPU.Build.0 = Release|Any CPU
		{D72D5219-A3A0-4A35-8174-981DDE5EA5BF}.Debug|Any CPU.ActiveCfg = Debug|Any CPU
		{D72D5219-A3A0-4A35-8174-981DDE5EA5BF}.Debug|Any CPU.Build.0 = Debug|Any CPU
		{D72D5219-A3A0-4A35-8174-981DDE5EA5BF}.Release|Any CPU.ActiveCfg = Release|Any CPU
		{D72D5219-A3A0-4A35-8174-981DDE5EA5BF}.Release|Any CPU.Build.0 = Release|Any CPU
		{C4493AB2-84F7-4B92-908F-A700A2032F43}.Debug|Any CPU.ActiveCfg = Debug|Any CPU
		{C4493AB2-84F7-4B92-908F-A700A2032F43}.Debug|Any CPU.Build.0 = Debug|Any CPU
		{C4493AB2-84F7-4B92-908F-A700A2032F43}.Release|Any CPU.ActiveCfg = Release|Any CPU
		{C4493AB2-84F7-4B92-908F-A700A2032F43}.Release|Any CPU.Build.0 = Release|Any CPU
		{11A725EA-5C62-4E34-BF73-9D31E2BBA9EC}.Debug|Any CPU.ActiveCfg = Debug|Any CPU
		{11A725EA-5C62-4E34-BF73-9D31E2BBA9EC}.Debug|Any CPU.Build.0 = Debug|Any CPU
		{11A725EA-5C62-4E34-BF73-9D31E2BBA9EC}.Release|Any CPU.ActiveCfg = Release|Any CPU
		{11A725EA-5C62-4E34-BF73-9D31E2BBA9EC}.Release|Any CPU.Build.0 = Release|Any CPU
		{B4D9A008-66FD-4CCC-9F15-FD1B0C4F8E63}.Debug|Any CPU.ActiveCfg = Debug|Any CPU
		{B4D9A008-66FD-4CCC-9F15-FD1B0C4F8E63}.Debug|Any CPU.Build.0 = Debug|Any CPU
		{B4D9A008-66FD-4CCC-9F15-FD1B0C4F8E63}.Release|Any CPU.ActiveCfg = Release|Any CPU
		{B4D9A008-66FD-4CCC-9F15-FD1B0C4F8E63}.Release|Any CPU.Build.0 = Release|Any CPU
		{D5D13747-DD47-4914-9974-2F08751D81B1}.Debug|Any CPU.ActiveCfg = Debug|Any CPU
		{D5D13747-DD47-4914-9974-2F08751D81B1}.Debug|Any CPU.Build.0 = Debug|Any CPU
		{D5D13747-DD47-4914-9974-2F08751D81B1}.Release|Any CPU.ActiveCfg = Release|Any CPU
		{D5D13747-DD47-4914-9974-2F08751D81B1}.Release|Any CPU.Build.0 = Release|Any CPU
	EndGlobalSection
	GlobalSection(NestedProjects) = preSolution
		{EDB88492-726E-41DE-8D55-AECFF279EFF4} = {5146725D-D0AC-414C-B9F0-DCC2990D0D32}
		{D72D5219-A3A0-4A35-8174-981DDE5EA5BF} = {5146725D-D0AC-414C-B9F0-DCC2990D0D32}
		{C4493AB2-84F7-4B92-908F-A700A2032F43} = {46A91F61-1C7E-4D0F-AE7F-006F69843FED}
		{11A725EA-5C62-4E34-BF73-9D31E2BBA9EC} = {46A91F61-1C7E-4D0F-AE7F-006F69843FED}
		{B4D9A008-66FD-4CCC-9F15-FD1B0C4F8E63} = {5146725D-D0AC-414C-B9F0-DCC2990D0D32}
		{D5D13747-DD47-4914-9974-2F08751D81B1} = {5146725D-D0AC-414C-B9F0-DCC2990D0D32}
	EndGlobalSection
EndGlobal
